{
	"name": "@wanghonggan/uv-ui",
	"version": "1.1.26",
	"lockfileVersion": 3,
	"requires": true,
	"packages": {
		"": {
			"name": "@wanghonggan/uv-ui",
			"version": "1.1.26",
			"license": "ISC",
			"devDependencies": {
				"@climblee/uv-ui": "^1.1.20",
				"@wanghonggan/uv-ui": "^1.1.24"
			}
		},
		"node_modules/@climblee/uv-ui": {
			"version": "1.1.20",
			"resolved": "https://registry.npmjs.org/@climblee/uv-ui/-/uv-ui-1.1.20.tgz",
			"integrity": "sha512-jkyesHJsPJkF4Nap9ZmG1/ibKlxXA5M8+ntqKXwwloIsYSYL5SOKb0gyPj17aBOU1PkJpmeiZ8PwnTolhK2/HA==",
			"dev": true,
			"license": "ISC"
		},
		"node_modules/@wanghonggan/uv-ui": {
			"version": "1.1.24",
			"resolved": "https://registry.npmjs.org/@wanghonggan/uv-ui/-/uv-ui-1.1.24.tgz",
			"integrity": "sha512-zxcbt5rEqgNhNdoLR6wAAKO5T5+3Q2qaiL1HBOwXHsR4f7mRCX7dQA9gGRW/rXLwUEOlvPjP29w1s5jsQm27EQ==",
			"dev": true,
			"license": "ISC",
			"dependencies": {
				"@climblee/uv-ui": "^1.1.20"
			}
		}
	}
}
